
Microsoft Visual Studio Solution File, Format Version 12.00
Project("{FAE04EC0-301F-11D3-BF4B-00C04F79EFBC}") = "ChatWSApp", "ChatWSApp\ChatWSApp.csproj", "{57AE77D2-CCE9-4110-A610-B0581F972106}"
EndProject
Global
	GlobalSection(SolutionConfigurationPlatforms) = preSolution
		Debug|Any CPU = Debug|Any CPU
		Release|Any CPU = Release|Any CPU
	EndGlobalSection
	GlobalSection(ProjectConfigurationPlatforms) = postSolution
		{57AE77D2-CCE9-4110-A610-B0581F972106}.Debug|Any CPU.ActiveCfg = Debug|Any CPU
		{57AE77D2-CCE9-4110-A610-B0581F972106}.Debug|Any CPU.Build.0 = Debug|Any CPU
		{57AE77D2-CCE9-4110-A610-B0581F972106}.Release|Any CPU.ActiveCfg = Release|Any CPU
		{57AE77D2-CCE9-4110-A610-B0581F972106}.Release|Any CPU.Build.0 = Release|Any CPU
	EndGlobalSection
EndGlobal
